
Microsoft Visual Studio Solution File, Format Version 12.00
# Visual Studio 15
VisualStudioVersion = 15.0.28010.2041
MinimumVisualStudioVersion = 10.0.40219.1
Project("{FAE04EC0-301F-11D3-BF4B-00C04F79EFBC}") = "10.6", "10.6\10.6.csproj", "{A0FE5BE6-C8EE-4A9E-A9F9-CD5899FDEAD3}"
EndProject
Global
	GlobalSection(SolutionConfigurationPlatforms) = preSolution
		Debug|Any CPU = Debug|Any CPU
		Release|Any CPU = Release|Any CPU
	EndGlobalSection
	GlobalSection(ProjectConfigurationPlatforms) = postSolution
		{A0FE5BE6-C8EE-4A9E-A9F9-CD5899FDEAD3}.Debug|Any CPU.ActiveCfg = Debug|Any CPU
		{A0FE5BE6-C8EE-4A9E-A9F9-CD5899FDEAD3}.Debug|Any CPU.Build.0 = Debug|Any CPU
		{A0FE5BE6-C8EE-4A9E-A9F9-CD5899FDEAD3}.Release|Any CPU.ActiveCfg = Release|Any CPU
		{A0FE5BE6-C8EE-4A9E-A9F9-CD5899FDEAD3}.Release|Any CPU.Build.0 = Release|Any CPU
	EndGlobalSection
	GlobalSection(SolutionProperties) = preSolution
		HideSolutionNode = FALSE
	EndGlobalSection
	GlobalSection(ExtensibilityGlobals) = postSolution
		SolutionGuid = {021DF181-0D67-420A-A868-D37DB290D89D}
	EndGlobalSection
EndGlobal
