
Microsoft Visual Studio Solution File, Format Version 12.00
# Visual Studio 15
VisualStudioVersion = 15.0.28010.2041
MinimumVisualStudioVersion = 10.0.40219.1
Project("{FAE04EC0-301F-11D3-BF4B-00C04F79EFBC}") = "10.9", "10.9\10.9.csproj", "{7D87066A-B429-441F-9DD9-A6A27AF05EE3}"
EndProject
Global
	GlobalSection(SolutionConfigurationPlatforms) = preSolution
		Debug|Any CPU = Debug|Any CPU
		Release|Any CPU = Release|Any CPU
	EndGlobalSection
	GlobalSection(ProjectConfigurationPlatforms) = postSolution
		{7D87066A-B429-441F-9DD9-A6A27AF05EE3}.Debug|Any CPU.ActiveCfg = Debug|Any CPU
		{7D87066A-B429-441F-9DD9-A6A27AF05EE3}.Debug|Any CPU.Build.0 = Debug|Any CPU
		{7D87066A-B429-441F-9DD9-A6A27AF05EE3}.Release|Any CPU.ActiveCfg = Release|Any CPU
		{7D87066A-B429-441F-9DD9-A6A27AF05EE3}.Release|Any CPU.Build.0 = Release|Any CPU
	EndGlobalSection
	GlobalSection(SolutionProperties) = preSolution
		HideSolutionNode = FALSE
	EndGlobalSection
	GlobalSection(ExtensibilityGlobals) = postSolution
		SolutionGuid = {8A79CD1D-464D-44EF-93A1-3C7E9F7D09B2}
	EndGlobalSection
EndGlobal
