
Microsoft Visual Studio Solution File, Format Version 12.00
# Visual Studio 15
VisualStudioVersion = 15.0.28010.2041
MinimumVisualStudioVersion = 10.0.40219.1
Project("{FAE04EC0-301F-11D3-BF4B-00C04F79EFBC}") = "10.7", "10.7\10.7.csproj", "{95AC414C-0FE9-4A51-9048-249573256A43}"
EndProject
Global
	GlobalSection(SolutionConfigurationPlatforms) = preSolution
		Debug|Any CPU = Debug|Any CPU
		Release|Any CPU = Release|Any CPU
	EndGlobalSection
	GlobalSection(ProjectConfigurationPlatforms) = postSolution
		{95AC414C-0FE9-4A51-9048-249573256A43}.Debug|Any CPU.ActiveCfg = Debug|Any CPU
		{95AC414C-0FE9-4A51-9048-249573256A43}.Debug|Any CPU.Build.0 = Debug|Any CPU
		{95AC414C-0FE9-4A51-9048-249573256A43}.Release|Any CPU.ActiveCfg = Release|Any CPU
		{95AC414C-0FE9-4A51-9048-249573256A43}.Release|Any CPU.Build.0 = Release|Any CPU
	EndGlobalSection
	GlobalSection(SolutionProperties) = preSolution
		HideSolutionNode = FALSE
	EndGlobalSection
	GlobalSection(ExtensibilityGlobals) = postSolution
		SolutionGuid = {E640B235-FB30-448B-8576-62BE8505879C}
	EndGlobalSection
EndGlobal
