
Microsoft Visual Studio Solution File, Format Version 12.00
# Visual Studio 15
VisualStudioVersion = 15.0.28010.2041
MinimumVisualStudioVersion = 10.0.40219.1
Project("{FAE04EC0-301F-11D3-BF4B-00C04F79EFBC}") = "10.10", "10.10\10.10.csproj", "{04545961-EF73-49EF-9FB6-9D310F91DDC5}"
EndProject
Global
	GlobalSection(SolutionConfigurationPlatforms) = preSolution
		Debug|Any CPU = Debug|Any CPU
		Release|Any CPU = Release|Any CPU
	EndGlobalSection
	GlobalSection(ProjectConfigurationPlatforms) = postSolution
		{04545961-EF73-49EF-9FB6-9D310F91DDC5}.Debug|Any CPU.ActiveCfg = Debug|Any CPU
		{04545961-EF73-49EF-9FB6-9D310F91DDC5}.Debug|Any CPU.Build.0 = Debug|Any CPU
		{04545961-EF73-49EF-9FB6-9D310F91DDC5}.Release|Any CPU.ActiveCfg = Release|Any CPU
		{04545961-EF73-49EF-9FB6-9D310F91DDC5}.Release|Any CPU.Build.0 = Release|Any CPU
	EndGlobalSection
	GlobalSection(SolutionProperties) = preSolution
		HideSolutionNode = FALSE
	EndGlobalSection
	GlobalSection(ExtensibilityGlobals) = postSolution
		SolutionGuid = {11387E40-7D1B-4C88-82A8-433F0F18164D}
	EndGlobalSection
EndGlobal
